PODS:
  - Capacitor (7.4.2):
    - CapacitorCordova
  - CapacitorApp (7.0.0):
    - Capacitor
  - CapacitorCordova (7.4.2)
  - CapacitorHaptics (7.0.0):
    - Capacitor
  - CapacitorKeyboard (7.0.0):
    - Capacitor
  - CapacitorNotificare (4.2.3):
    - Capacitor
    - Notificare/NotificareKit (= 4.2.2)
    - Notificare/NotificareUtilitiesKit (= 4.2.2)
  - CapacitorNotificareAssets (4.2.3):
    - Capacitor
    - Notificare/NotificareAssetsKit (= 4.2.2)
    - Notificare/NotificareKit (= 4.2.2)
  - CapacitorNotificareGeo (4.2.3):
    - Capacitor
    - Notificare/NotificareGeoKit (= 4.2.2)
    - Notificare/NotificareKit (= 4.2.2)
    - Notificare/NotificareUtilitiesKit (= 4.2.2)
  - CapacitorNotificareInAppMessaging (4.2.3):
    - Capacitor
    - Notificare/NotificareInAppMessagingKit (= 4.2.2)
    - Notificare/NotificareKit (= 4.2.2)
    - Notificare/NotificareUtilitiesKit (= 4.2.2)
  - CapacitorNotificareInbox (4.2.3):
    - Capacitor
    - Notificare/NotificareInboxKit (= 4.2.2)
    - Notificare/NotificareKit (= 4.2.2)
    - Notificare/NotificareUtilitiesKit (= 4.2.2)
  - CapacitorNotificareLoyalty (4.2.3):
    - Capacitor
    - Notificare/NotificareKit (= 4.2.2)
    - Notificare/NotificareLoyaltyKit (= 4.2.2)
  - CapacitorNotificarePush (4.2.3):
    - Capacitor
    - Notificare/NotificareKit (= 4.2.2)
    - Notificare/NotificarePushKit (= 4.2.2)
    - Notificare/NotificareUtilitiesKit (= 4.2.2)
  - CapacitorNotificarePushUi (4.2.3):
    - Capacitor
    - Notificare/NotificareKit (= 4.2.2)
    - Notificare/NotificarePushUIKit (= 4.2.2)
    - Notificare/NotificareUtilitiesKit (= 4.2.2)
  - CapacitorNotificareScannables (4.2.3):
    - Capacitor
    - Notificare/NotificareKit (= 4.2.2)
    - Notificare/NotificareScannablesKit (= 4.2.2)
    - Notificare/NotificareUtilitiesKit (= 4.2.2)
  - CapacitorNotificareUserInbox (4.2.3):
    - Capacitor
    - Notificare/NotificareKit (= 4.2.2)
    - Notificare/NotificareUserInboxKit (= 4.2.2)
  - CapacitorStatusBar (7.0.2):
    - Capacitor
  - Notificare/NotificareAssetsKit (4.2.2):
    - Notificare/NotificareUtilitiesKit
  - Notificare/NotificareGeoKit (4.2.2):
    - Notificare/NotificareUtilitiesKit
  - Notificare/NotificareInAppMessagingKit (4.2.2):
    - Notificare/NotificareUtilitiesKit
  - Notificare/NotificareInboxKit (4.2.2):
    - Notificare/NotificareUtilitiesKit
  - Notificare/NotificareKit (4.2.2):
    - Notificare/NotificareUtilitiesKit
  - Notificare/NotificareLoyaltyKit (4.2.2):
    - Notificare/NotificareUtilitiesKit
  - Notificare/NotificareNotificationServiceExtensionKit (4.2.2)
  - Notificare/NotificarePushKit (4.2.2):
    - Notificare/NotificareUtilitiesKit
  - Notificare/NotificarePushUIKit (4.2.2):
    - Notificare/NotificareUtilitiesKit
  - Notificare/NotificareScannablesKit (4.2.2):
    - Notificare/NotificareUtilitiesKit
  - Notificare/NotificareUserInboxKit (4.2.2):
    - Notificare/NotificareUtilitiesKit
  - Notificare/NotificareUtilitiesKit (4.2.2)

DEPENDENCIES:
  - "Capacitor (from `../../node_modules/@capacitor/ios`)"
  - "CapacitorApp (from `../../node_modules/@capacitor/app`)"
  - "CapacitorCordova (from `../../node_modules/@capacitor/ios`)"
  - "CapacitorHaptics (from `../../node_modules/@capacitor/haptics`)"
  - "CapacitorKeyboard (from `../../node_modules/@capacitor/keyboard`)"
  - CapacitorNotificare (from `../../../capacitor-notificare`)
  - CapacitorNotificareAssets (from `../../../capacitor-notificare-assets`)
  - CapacitorNotificareGeo (from `../../../capacitor-notificare-geo`)
  - CapacitorNotificareInAppMessaging (from `../../../capacitor-notificare-in-app-messaging`)
  - CapacitorNotificareInbox (from `../../../capacitor-notificare-inbox`)
  - CapacitorNotificareLoyalty (from `../../../capacitor-notificare-loyalty`)
  - CapacitorNotificarePush (from `../../../capacitor-notificare-push`)
  - CapacitorNotificarePushUi (from `../../../capacitor-notificare-push-ui`)
  - CapacitorNotificareScannables (from `../../../capacitor-notificare-scannables`)
  - CapacitorNotificareUserInbox (from `../../../capacitor-notificare-user-inbox`)
  - "CapacitorStatusBar (from `../../node_modules/@capacitor/status-bar`)"
  - Notificare/NotificareNotificationServiceExtensionKit (= 4.2.2)

SPEC REPOS:
  trunk:
    - Notificare

EXTERNAL SOURCES:
  Capacitor:
    :path: "../../node_modules/@capacitor/ios"
  CapacitorApp:
    :path: "../../node_modules/@capacitor/app"
  CapacitorCordova:
    :path: "../../node_modules/@capacitor/ios"
  CapacitorHaptics:
    :path: "../../node_modules/@capacitor/haptics"
  CapacitorKeyboard:
    :path: "../../node_modules/@capacitor/keyboard"
  CapacitorNotificare:
    :path: "../../../capacitor-notificare"
  CapacitorNotificareAssets:
    :path: "../../../capacitor-notificare-assets"
  CapacitorNotificareGeo:
    :path: "../../../capacitor-notificare-geo"
  CapacitorNotificareInAppMessaging:
    :path: "../../../capacitor-notificare-in-app-messaging"
  CapacitorNotificareInbox:
    :path: "../../../capacitor-notificare-inbox"
  CapacitorNotificareLoyalty:
    :path: "../../../capacitor-notificare-loyalty"
  CapacitorNotificarePush:
    :path: "../../../capacitor-notificare-push"
  CapacitorNotificarePushUi:
    :path: "../../../capacitor-notificare-push-ui"
  CapacitorNotificareScannables:
    :path: "../../../capacitor-notificare-scannables"
  CapacitorNotificareUserInbox:
    :path: "../../../capacitor-notificare-user-inbox"
  CapacitorStatusBar:
    :path: "../../node_modules/@capacitor/status-bar"

SPEC CHECKSUMS:
  Capacitor: 9d9e481b79ffaeacaf7a85d6a11adec32bd33b59
  CapacitorApp: 9cb31064a6c6bb2b1438583733a7bf45557fc1da
  CapacitorCordova: 5e58d04631bc5094894ac106e2bf1da18a9e6151
  CapacitorHaptics: 7be406a91e4eb87287f321c6c68e1709d6837b3a
  CapacitorKeyboard: 4db71e694e7afb5d7c0be09b05495c19f7d6c914
  CapacitorNotificare: ad60d1d8f711f7e52673c2087aeeaa67356f2098
  CapacitorNotificareAssets: d1f46051c486dadba26a32e6798e5bbce89ca428
  CapacitorNotificareGeo: b3abfb96e0f55c1cd4395734c21139c951103266
  CapacitorNotificareInAppMessaging: cc29eeebf304e60336d26134044d4dfc4cf7cb89
  CapacitorNotificareInbox: 6621b1ebb36339c6b93a97a1432a9c00363f33df
  CapacitorNotificareLoyalty: a56d394aad43c1e0096a9fe7222bf96b7e534820
  CapacitorNotificarePush: ad3deea0f45695a704ed82643f90800fbfdc481c
  CapacitorNotificarePushUi: 4ee2995a3e9284d9c6159e3e77a82c33cbf9d4f9
  CapacitorNotificareScannables: acd390a6118c124e7b00f2c918fb09b972c1c8dc
  CapacitorNotificareUserInbox: c026b1af67e910e3e94b468d72caddba5bfd0ad4
  CapacitorStatusBar: e04d05e121d5a5979c29eb4249186a4e4a84cacb
  Notificare: 16be1792142667eb152894d09d868294e098e762

PODFILE CHECKSUM: d91caaf79a70a7a052017ee45263353538fd7f06

COCOAPODS: 1.16.2
