PODS:
  - Capacitor (7.4.2):
    - CapacitorCordova
  - CapacitorApp (7.0.0):
    - Capacitor
  - CapacitorCordova (7.4.2)
  - CapacitorHaptics (7.0.0):
    - Capacitor
  - CapacitorKeyboard (7.0.0):
    - Capacitor
  - CapacitorNotificare (4.2.4):
    - Capacitor
    - Notificare/NotificareKit (= 4.2.3)
    - Notificare/NotificareUtilitiesKit (= 4.2.3)
  - CapacitorNotificareAssets (4.2.4):
    - Capacitor
    - Notificare/NotificareAssetsKit (= 4.2.3)
    - Notificare/NotificareKit (= 4.2.3)
  - CapacitorNotificareGeo (4.2.4):
    - Capacitor
    - Notificare/NotificareGeoKit (= 4.2.3)
    - Notificare/NotificareKit (= 4.2.3)
    - Notificare/NotificareUtilitiesKit (= 4.2.3)
  - CapacitorNotificareInAppMessaging (4.2.4):
    - Capacitor
    - Notificare/NotificareInAppMessagingKit (= 4.2.3)
    - Notificare/NotificareKit (= 4.2.3)
    - Notificare/NotificareUtilitiesKit (= 4.2.3)
  - CapacitorNotificareInbox (4.2.4):
    - Capacitor
    - Notificare/NotificareInboxKit (= 4.2.3)
    - Notificare/NotificareKit (= 4.2.3)
    - Notificare/NotificareUtilitiesKit (= 4.2.3)
  - CapacitorNotificareLoyalty (4.2.4):
    - Capacitor
    - Notificare/NotificareKit (= 4.2.3)
    - Notificare/NotificareLoyaltyKit (= 4.2.3)
  - CapacitorNotificarePush (4.2.4):
    - Capacitor
    - Notificare/NotificareKit (= 4.2.3)
    - Notificare/NotificarePushKit (= 4.2.3)
    - Notificare/NotificareUtilitiesKit (= 4.2.3)
  - CapacitorNotificarePushUi (4.2.4):
    - Capacitor
    - Notificare/NotificareKit (= 4.2.3)
    - Notificare/NotificarePushUIKit (= 4.2.3)
    - Notificare/NotificareUtilitiesKit (= 4.2.3)
  - CapacitorNotificareScannables (4.2.4):
    - Capacitor
    - Notificare/NotificareKit (= 4.2.3)
    - Notificare/NotificareScannablesKit (= 4.2.3)
    - Notificare/NotificareUtilitiesKit (= 4.2.3)
  - CapacitorNotificareUserInbox (4.2.4):
    - Capacitor
    - Notificare/NotificareKit (= 4.2.3)
    - Notificare/NotificareUserInboxKit (= 4.2.3)
  - CapacitorStatusBar (7.0.2):
    - Capacitor
  - Notificare/NotificareAssetsKit (4.2.3):
    - Notificare/NotificareUtilitiesKit
  - Notificare/NotificareGeoKit (4.2.3):
    - Notificare/NotificareUtilitiesKit
  - Notificare/NotificareInAppMessagingKit (4.2.3):
    - Notificare/NotificareUtilitiesKit
  - Notificare/NotificareInboxKit (4.2.3):
    - Notificare/NotificareUtilitiesKit
  - Notificare/NotificareKit (4.2.3):
    - Notificare/NotificareUtilitiesKit
  - Notificare/NotificareLoyaltyKit (4.2.3):
    - Notificare/NotificareUtilitiesKit
  - Notificare/NotificareNotificationServiceExtensionKit (4.2.3)
  - Notificare/NotificarePushKit (4.2.3):
    - Notificare/NotificareUtilitiesKit
  - Notificare/NotificarePushUIKit (4.2.3):
    - Notificare/NotificareUtilitiesKit
  - Notificare/NotificareScannablesKit (4.2.3):
    - Notificare/NotificareUtilitiesKit
  - Notificare/NotificareUserInboxKit (4.2.3):
    - Notificare/NotificareUtilitiesKit
  - Notificare/NotificareUtilitiesKit (4.2.3)

DEPENDENCIES:
  - "Capacitor (from `../../node_modules/@capacitor/ios`)"
  - "CapacitorApp (from `../../node_modules/@capacitor/app`)"
  - "CapacitorCordova (from `../../node_modules/@capacitor/ios`)"
  - "CapacitorHaptics (from `../../node_modules/@capacitor/haptics`)"
  - "CapacitorKeyboard (from `../../node_modules/@capacitor/keyboard`)"
  - CapacitorNotificare (from `../../../capacitor-notificare`)
  - CapacitorNotificareAssets (from `../../../capacitor-notificare-assets`)
  - CapacitorNotificareGeo (from `../../../capacitor-notificare-geo`)
  - CapacitorNotificareInAppMessaging (from `../../../capacitor-notificare-in-app-messaging`)
  - CapacitorNotificareInbox (from `../../../capacitor-notificare-inbox`)
  - CapacitorNotificareLoyalty (from `../../../capacitor-notificare-loyalty`)
  - CapacitorNotificarePush (from `../../../capacitor-notificare-push`)
  - CapacitorNotificarePushUi (from `../../../capacitor-notificare-push-ui`)
  - CapacitorNotificareScannables (from `../../../capacitor-notificare-scannables`)
  - CapacitorNotificareUserInbox (from `../../../capacitor-notificare-user-inbox`)
  - "CapacitorStatusBar (from `../../node_modules/@capacitor/status-bar`)"
  - Notificare/NotificareNotificationServiceExtensionKit (= 4.2.3)

SPEC REPOS:
  trunk:
    - Notificare

EXTERNAL SOURCES:
  Capacitor:
    :path: "../../node_modules/@capacitor/ios"
  CapacitorApp:
    :path: "../../node_modules/@capacitor/app"
  CapacitorCordova:
    :path: "../../node_modules/@capacitor/ios"
  CapacitorHaptics:
    :path: "../../node_modules/@capacitor/haptics"
  CapacitorKeyboard:
    :path: "../../node_modules/@capacitor/keyboard"
  CapacitorNotificare:
    :path: "../../../capacitor-notificare"
  CapacitorNotificareAssets:
    :path: "../../../capacitor-notificare-assets"
  CapacitorNotificareGeo:
    :path: "../../../capacitor-notificare-geo"
  CapacitorNotificareInAppMessaging:
    :path: "../../../capacitor-notificare-in-app-messaging"
  CapacitorNotificareInbox:
    :path: "../../../capacitor-notificare-inbox"
  CapacitorNotificareLoyalty:
    :path: "../../../capacitor-notificare-loyalty"
  CapacitorNotificarePush:
    :path: "../../../capacitor-notificare-push"
  CapacitorNotificarePushUi:
    :path: "../../../capacitor-notificare-push-ui"
  CapacitorNotificareScannables:
    :path: "../../../capacitor-notificare-scannables"
  CapacitorNotificareUserInbox:
    :path: "../../../capacitor-notificare-user-inbox"
  CapacitorStatusBar:
    :path: "../../node_modules/@capacitor/status-bar"

SPEC CHECKSUMS:
  Capacitor: 9d9e481b79ffaeacaf7a85d6a11adec32bd33b59
  CapacitorApp: 9cb31064a6c6bb2b1438583733a7bf45557fc1da
  CapacitorCordova: 5e58d04631bc5094894ac106e2bf1da18a9e6151
  CapacitorHaptics: 7be406a91e4eb87287f321c6c68e1709d6837b3a
  CapacitorKeyboard: 4db71e694e7afb5d7c0be09b05495c19f7d6c914
  CapacitorNotificare: e1bc48945adde4f09fe56d83d67eba49b31fa1bf
  CapacitorNotificareAssets: 035d8425159e14a84e6067bc609f8656cba5d200
  CapacitorNotificareGeo: 5ae308057ee7a54f8452f618c8ed120ea22ac877
  CapacitorNotificareInAppMessaging: 8deb1ee0c155154bf4f57637f71ae195ef9ae2ff
  CapacitorNotificareInbox: 2fe62121533820ce4ff94695c43322641453f89e
  CapacitorNotificareLoyalty: 13e77b32c3a33219300922b4334a1664aa9198d3
  CapacitorNotificarePush: 2ce9ab4b3b535cc12ca17e6049f9a14fb6c293c9
  CapacitorNotificarePushUi: 734c91b319e16e31e4ac43db09be31672be59b72
  CapacitorNotificareScannables: 170564aa52cdb4c7ee816aedee9b4427b80acc94
  CapacitorNotificareUserInbox: c0903425171858bb7a6e53e1eb4c2d38a7872061
  CapacitorStatusBar: e04d05e121d5a5979c29eb4249186a4e4a84cacb
  Notificare: ae0dbd405a39bbfef0fa46d2470c101cfe7ff6dc

PODFILE CHECKSUM: 2f4f8d7b52b9a524cd862182fd92b562ed694140

COCOAPODS: 1.16.2
