PODS:
  - Capacitor (7.1.0):
    - CapacitorCordova
  - CapacitorApp (7.0.0):
    - Capacitor
  - CapacitorCordova (7.1.0)
  - CapacitorHaptics (7.0.0):
    - Capacitor
  - CapacitorKeyboard (7.0.0):
    - Capacitor
  - CapacitorNotificare (4.2.0):
    - Capacitor
    - Notificare/NotificareKit (= 4.2.1)
    - Notificare/NotificareUtilitiesKit (= 4.2.1)
  - CapacitorNotificareAssets (4.2.0):
    - Capacitor
    - Notificare/NotificareAssetsKit (= 4.2.1)
    - Notificare/NotificareKit (= 4.2.1)
  - CapacitorNotificareGeo (4.2.0):
    - Capacitor
    - Notificare/NotificareGeoKit (= 4.2.1)
    - Notificare/NotificareKit (= 4.2.1)
    - Notificare/NotificareUtilitiesKit (= 4.2.1)
  - CapacitorNotificareInAppMessaging (4.2.0):
    - Capacitor
    - Notificare/NotificareInAppMessagingKit (= 4.2.1)
    - Notificare/NotificareKit (= 4.2.1)
    - Notificare/NotificareUtilitiesKit (= 4.2.1)
  - CapacitorNotificareInbox (4.2.0):
    - Capacitor
    - Notificare/NotificareInboxKit (= 4.2.1)
    - Notificare/NotificareKit (= 4.2.1)
    - Notificare/NotificareUtilitiesKit (= 4.2.1)
  - CapacitorNotificareLoyalty (4.2.0):
    - Capacitor
    - Notificare/NotificareKit (= 4.2.1)
    - Notificare/NotificareLoyaltyKit (= 4.2.1)
  - CapacitorNotificarePush (4.2.0):
    - Capacitor
    - Notificare/NotificareKit (= 4.2.1)
    - Notificare/NotificarePushKit (= 4.2.1)
    - Notificare/NotificareUtilitiesKit (= 4.2.1)
  - CapacitorNotificarePushUi (4.2.0):
    - Capacitor
    - Notificare/NotificareKit (= 4.2.1)
    - Notificare/NotificarePushUIKit (= 4.2.1)
    - Notificare/NotificareUtilitiesKit (= 4.2.1)
  - CapacitorNotificareScannables (4.2.0):
    - Capacitor
    - Notificare/NotificareKit (= 4.2.1)
    - Notificare/NotificareScannablesKit (= 4.2.1)
    - Notificare/NotificareUtilitiesKit (= 4.2.1)
  - CapacitorNotificareUserInbox (4.2.0):
    - Capacitor
    - Notificare/NotificareKit (= 4.2.1)
    - Notificare/NotificareUserInboxKit (= 4.2.1)
  - CapacitorStatusBar (7.0.0):
    - Capacitor
  - Notificare/NotificareAssetsKit (4.2.1):
    - Notificare/NotificareUtilitiesKit
  - Notificare/NotificareGeoKit (4.2.1):
    - Notificare/NotificareUtilitiesKit
  - Notificare/NotificareInAppMessagingKit (4.2.1):
    - Notificare/NotificareUtilitiesKit
  - Notificare/NotificareInboxKit (4.2.1):
    - Notificare/NotificareUtilitiesKit
  - Notificare/NotificareKit (4.2.1):
    - Notificare/NotificareUtilitiesKit
  - Notificare/NotificareLoyaltyKit (4.2.1):
    - Notificare/NotificareUtilitiesKit
  - Notificare/NotificareNotificationServiceExtensionKit (4.2.1)
  - Notificare/NotificarePushKit (4.2.1):
    - Notificare/NotificareUtilitiesKit
  - Notificare/NotificarePushUIKit (4.2.1):
    - Notificare/NotificareUtilitiesKit
  - Notificare/NotificareScannablesKit (4.2.1):
    - Notificare/NotificareUtilitiesKit
  - Notificare/NotificareUserInboxKit (4.2.1):
    - Notificare/NotificareUtilitiesKit
  - Notificare/NotificareUtilitiesKit (4.2.1)

DEPENDENCIES:
  - "Capacitor (from `../../node_modules/@capacitor/ios`)"
  - "CapacitorApp (from `../../node_modules/@capacitor/app`)"
  - "CapacitorCordova (from `../../node_modules/@capacitor/ios`)"
  - "CapacitorHaptics (from `../../node_modules/@capacitor/haptics`)"
  - "CapacitorKeyboard (from `../../node_modules/@capacitor/keyboard`)"
  - CapacitorNotificare (from `../../../capacitor-notificare`)
  - CapacitorNotificareAssets (from `../../../capacitor-notificare-assets`)
  - CapacitorNotificareGeo (from `../../../capacitor-notificare-geo`)
  - CapacitorNotificareInAppMessaging (from `../../../capacitor-notificare-in-app-messaging`)
  - CapacitorNotificareInbox (from `../../../capacitor-notificare-inbox`)
  - CapacitorNotificareLoyalty (from `../../../capacitor-notificare-loyalty`)
  - CapacitorNotificarePush (from `../../../capacitor-notificare-push`)
  - CapacitorNotificarePushUi (from `../../../capacitor-notificare-push-ui`)
  - CapacitorNotificareScannables (from `../../../capacitor-notificare-scannables`)
  - CapacitorNotificareUserInbox (from `../../../capacitor-notificare-user-inbox`)
  - "CapacitorStatusBar (from `../../node_modules/@capacitor/status-bar`)"
  - Notificare/NotificareNotificationServiceExtensionKit (= 4.2.1)

SPEC REPOS:
  trunk:
    - Notificare

EXTERNAL SOURCES:
  Capacitor:
    :path: "../../node_modules/@capacitor/ios"
  CapacitorApp:
    :path: "../../node_modules/@capacitor/app"
  CapacitorCordova:
    :path: "../../node_modules/@capacitor/ios"
  CapacitorHaptics:
    :path: "../../node_modules/@capacitor/haptics"
  CapacitorKeyboard:
    :path: "../../node_modules/@capacitor/keyboard"
  CapacitorNotificare:
    :path: "../../../capacitor-notificare"
  CapacitorNotificareAssets:
    :path: "../../../capacitor-notificare-assets"
  CapacitorNotificareGeo:
    :path: "../../../capacitor-notificare-geo"
  CapacitorNotificareInAppMessaging:
    :path: "../../../capacitor-notificare-in-app-messaging"
  CapacitorNotificareInbox:
    :path: "../../../capacitor-notificare-inbox"
  CapacitorNotificareLoyalty:
    :path: "../../../capacitor-notificare-loyalty"
  CapacitorNotificarePush:
    :path: "../../../capacitor-notificare-push"
  CapacitorNotificarePushUi:
    :path: "../../../capacitor-notificare-push-ui"
  CapacitorNotificareScannables:
    :path: "../../../capacitor-notificare-scannables"
  CapacitorNotificareUserInbox:
    :path: "../../../capacitor-notificare-user-inbox"
  CapacitorStatusBar:
    :path: "../../node_modules/@capacitor/status-bar"

SPEC CHECKSUMS:
  Capacitor: bceb785fb78f5e81e4a9e37843bc1c24bd9c7194
  CapacitorApp: 9cb31064a6c6bb2b1438583733a7bf45557fc1da
  CapacitorCordova: 866217f32c1d25b326c568a10ea3ed0c36b13e29
  CapacitorHaptics: 7be406a91e4eb87287f321c6c68e1709d6837b3a
  CapacitorKeyboard: 4db71e694e7afb5d7c0be09b05495c19f7d6c914
  CapacitorNotificare: 66890c07b51494579b05e3d51d8e4ae0f8c0353c
  CapacitorNotificareAssets: fc914831edf350796f941bf218b1db9d69c42183
  CapacitorNotificareGeo: 268112869aaffbca68ecff567abad02b5990225e
  CapacitorNotificareInAppMessaging: 80ff90c5bb27dba20701619b3503d923a8f925bf
  CapacitorNotificareInbox: bd05c2c46304140058c79bf685813983735f1632
  CapacitorNotificareLoyalty: 68c04f354fd8192b77549e6070dceba38eaaacd7
  CapacitorNotificarePush: 9db8274cb8531115ac2bd2369681d9a18fa1adc5
  CapacitorNotificarePushUi: de590b6df33d6b138d99d015867efe422ed843af
  CapacitorNotificareScannables: 09c035872ece8315ef310b6dfb0591a4cacf8bec
  CapacitorNotificareUserInbox: 4d4fdb6b7b02f12e7ccd5af1f1d5ed3052e11af7
  CapacitorStatusBar: a8c4c83ed2e973bdafb979e80e4b00d027832cb7
  Notificare: 0d2a9db790aa3a59b4f7bc0cfbb569f153201bad

PODFILE CHECKSUM: 968d27748c7df66212394d32cdef1e759b50d03e

COCOAPODS: 1.16.2
