PODS:
  - Capacitor (6.1.2):
    - CapacitorCordova
  - CapacitorApp (6.0.1):
    - Capacitor
  - CapacitorBrowser (6.0.2):
    - Capacitor
  - CapacitorCordova (6.1.2)
  - CapacitorHaptics (6.0.1):
    - Capacitor
  - CapacitorKeyboard (6.0.2):
    - Capacitor
  - CapacitorNotificare (4.2.3):
    - Capacitor
    - Notificare/NotificareKit (= 4.2.3)
    - Notificare/NotificareUtilitiesKit (= 4.2.3)
  - CapacitorNotificarePush (4.2.3):
    - Capacitor
    - Notificare/NotificareKit (= 4.2.3)
    - Notificare/NotificarePushKit (= 4.2.3)
    - Notificare/NotificareUtilitiesKit (= 4.2.3)
  - CapacitorNotificarePushUi (4.2.3):
    - Capacitor
    - Notificare/NotificareKit (= 4.2.3)
    - Notificare/NotificarePushUIKit (= 4.2.3)
    - Notificare/NotificareUtilitiesKit (= 4.2.3)
  - CapacitorNotificareUserInbox (4.2.3):
    - Capacitor
    - Notificare/NotificareKit (= 4.2.3)
    - Notificare/NotificareUserInboxKit (= 4.2.3)
  - CapacitorStatusBar (6.0.1):
    - Capacitor
  - Notificare/NotificareKit (4.2.3):
    - Notificare/NotificareUtilitiesKit
  - Notificare/NotificareNotificationServiceExtensionKit (4.2.3)
  - Notificare/NotificarePushKit (4.2.3):
    - Notificare/NotificareUtilitiesKit
  - Notificare/NotificarePushUIKit (4.2.3):
    - Notificare/NotificareUtilitiesKit
  - Notificare/NotificareUserInboxKit (4.2.3):
    - Notificare/NotificareUtilitiesKit
  - Notificare/NotificareUtilitiesKit (4.2.3)

DEPENDENCIES:
  - "Capacitor (from `../../node_modules/@capacitor/ios`)"
  - "CapacitorApp (from `../../node_modules/@capacitor/app`)"
  - "CapacitorBrowser (from `../../node_modules/@capacitor/browser`)"
  - "CapacitorCordova (from `../../node_modules/@capacitor/ios`)"
  - "CapacitorHaptics (from `../../node_modules/@capacitor/haptics`)"
  - "CapacitorKeyboard (from `../../node_modules/@capacitor/keyboard`)"
  - CapacitorNotificare (from `../../../capacitor-notificare`)
  - CapacitorNotificarePush (from `../../../capacitor-notificare-push`)
  - CapacitorNotificarePushUi (from `../../../capacitor-notificare-push-ui`)
  - CapacitorNotificareUserInbox (from `../../../capacitor-notificare-user-inbox`)
  - "CapacitorStatusBar (from `../../node_modules/@capacitor/status-bar`)"
  - Notificare/NotificareNotificationServiceExtensionKit (= 4.2.3)

SPEC REPOS:
  trunk:
    - Notificare

EXTERNAL SOURCES:
  Capacitor:
    :path: "../../node_modules/@capacitor/ios"
  CapacitorApp:
    :path: "../../node_modules/@capacitor/app"
  CapacitorBrowser:
    :path: "../../node_modules/@capacitor/browser"
  CapacitorCordova:
    :path: "../../node_modules/@capacitor/ios"
  CapacitorHaptics:
    :path: "../../node_modules/@capacitor/haptics"
  CapacitorKeyboard:
    :path: "../../node_modules/@capacitor/keyboard"
  CapacitorNotificare:
    :path: "../../../capacitor-notificare"
  CapacitorNotificarePush:
    :path: "../../../capacitor-notificare-push"
  CapacitorNotificarePushUi:
    :path: "../../../capacitor-notificare-push-ui"
  CapacitorNotificareUserInbox:
    :path: "../../../capacitor-notificare-user-inbox"
  CapacitorStatusBar:
    :path: "../../node_modules/@capacitor/status-bar"

SPEC CHECKSUMS:
  Capacitor: 69c7f687aabb8d85e543497411e40638b5cc08c0
  CapacitorApp: f51c08c64df914fc934239fd1b3fc809d62a02f6
  CapacitorBrowser: 80345fe3b83664d2f953e9fe102a996df73ec809
  CapacitorCordova: f48c89f96c319101cd2f0ce8a2b7449b5fb8b3dd
  CapacitorHaptics: 05d33e20e394b1977dfd2a00a2621e04098164c1
  CapacitorKeyboard: 5bf4458dd989b56a60ea15c92cbca5fbfae6e9f9
  CapacitorNotificare: 52d55ccae30adf20419254e6510960ea02a179a2
  CapacitorNotificarePush: 4b221713a413c4d43786ee1b7a7b9e30e0c5737f
  CapacitorNotificarePushUi: 814e95b3ad840c28655365f3c1ca87346c60c5ce
  CapacitorNotificareUserInbox: e4b237fa7030223e18f9720e75590ef5c515d35b
  CapacitorStatusBar: 9ed7f06318fd436917072a9bf60fda56d12c8bdb
  Notificare: ae0dbd405a39bbfef0fa46d2470c101cfe7ff6dc

PODFILE CHECKSUM: 51f889bf0b5d598082ca4ad0b4a89cae0370eb01

COCOAPODS: 1.16.2
