PODS:
  - Capacitor (6.1.2):
    - CapacitorCordova
  - CapacitorApp (6.0.1):
    - Capacitor
  - CapacitorBrowser (6.0.2):
    - Capacitor
  - CapacitorCordova (6.1.2)
  - CapacitorHaptics (6.0.1):
    - Capacitor
  - CapacitorKeyboard (6.0.2):
    - Capacitor
  - CapacitorNotificare (4.0.0):
    - Capacitor
    - Notificare/NotificareKit (= 4.0.1)
    - Notificare/NotificareUtilitiesKit (= 4.0.1)
  - CapacitorNotificarePush (4.0.0):
    - Capacitor
    - Notificare/NotificareKit (= 4.0.1)
    - Notificare/NotificarePushKit (= 4.0.1)
    - Notificare/NotificareUtilitiesKit (= 4.0.1)
  - CapacitorNotificarePushUi (4.0.0):
    - Capacitor
    - Notificare/NotificareKit (= 4.0.1)
    - Notificare/NotificarePushUIKit (= 4.0.1)
    - Notificare/NotificareUtilitiesKit (= 4.0.1)
  - CapacitorNotificareUserInbox (4.0.0):
    - Capacitor
    - Notificare/NotificareKit (= 4.0.1)
    - Notificare/NotificareUserInboxKit (= 4.0.1)
  - CapacitorStatusBar (6.0.1):
    - Capacitor
  - Notificare/NotificareKit (4.0.1):
    - Notificare/NotificareUtilitiesKit
  - Notificare/NotificareNotificationServiceExtensionKit (4.0.1)
  - Notificare/NotificarePushKit (4.0.1):
    - Notificare/NotificareUtilitiesKit
  - Notificare/NotificarePushUIKit (4.0.1):
    - Notificare/NotificareUtilitiesKit
  - Notificare/NotificareUserInboxKit (4.0.1):
    - Notificare/NotificareUtilitiesKit
  - Notificare/NotificareUtilitiesKit (4.0.1)

DEPENDENCIES:
  - "Capacitor (from `../../node_modules/@capacitor/ios`)"
  - "CapacitorApp (from `../../node_modules/@capacitor/app`)"
  - "CapacitorBrowser (from `../../node_modules/@capacitor/browser`)"
  - "CapacitorCordova (from `../../node_modules/@capacitor/ios`)"
  - "CapacitorHaptics (from `../../node_modules/@capacitor/haptics`)"
  - "CapacitorKeyboard (from `../../node_modules/@capacitor/keyboard`)"
  - CapacitorNotificare (from `../../../capacitor-notificare`)
  - CapacitorNotificarePush (from `../../../capacitor-notificare-push`)
  - CapacitorNotificarePushUi (from `../../../capacitor-notificare-push-ui`)
  - CapacitorNotificareUserInbox (from `../../../capacitor-notificare-user-inbox`)
  - "CapacitorStatusBar (from `../../node_modules/@capacitor/status-bar`)"
  - Notificare/NotificareNotificationServiceExtensionKit (= 4.0.1)

SPEC REPOS:
  trunk:
    - Notificare

EXTERNAL SOURCES:
  Capacitor:
    :path: "../../node_modules/@capacitor/ios"
  CapacitorApp:
    :path: "../../node_modules/@capacitor/app"
  CapacitorBrowser:
    :path: "../../node_modules/@capacitor/browser"
  CapacitorCordova:
    :path: "../../node_modules/@capacitor/ios"
  CapacitorHaptics:
    :path: "../../node_modules/@capacitor/haptics"
  CapacitorKeyboard:
    :path: "../../node_modules/@capacitor/keyboard"
  CapacitorNotificare:
    :path: "../../../capacitor-notificare"
  CapacitorNotificarePush:
    :path: "../../../capacitor-notificare-push"
  CapacitorNotificarePushUi:
    :path: "../../../capacitor-notificare-push-ui"
  CapacitorNotificareUserInbox:
    :path: "../../../capacitor-notificare-user-inbox"
  CapacitorStatusBar:
    :path: "../../node_modules/@capacitor/status-bar"

SPEC CHECKSUMS:
  Capacitor: 679f9673fdf30597493a6362a5d5bf233d46abc2
  CapacitorApp: 0bc633b4eae40a1f32cd2834788fad3bc42da6a1
  CapacitorBrowser: 83ec661a9ccd56c28a6851e4dd1ac33b181227ec
  CapacitorCordova: f48c89f96c319101cd2f0ce8a2b7449b5fb8b3dd
  CapacitorHaptics: fe689ade56ef20ec9b041a753c6da70c5d8ec9a9
  CapacitorKeyboard: 2700f9b18687be021e28b5a09b59eb151a46d5e0
  CapacitorNotificare: 8a088da3e320fedff91dafb8caf9c3a8589fb7ee
  CapacitorNotificarePush: f3fa9e65f6fab85cd4ebd1acfd4683b4ed62918d
  CapacitorNotificarePushUi: 6f34feb66ce1619e7dd3a110f0e72ec87e767263
  CapacitorNotificareUserInbox: bcbed317433d34301ee88e1c7f23fba287d70012
  CapacitorStatusBar: b81d4fb5d4e0064c712018071b3ab4b810b39a63
  Notificare: dc066c6d8acb6f63e73c78c9a6ed7cfff7fe4965

PODFILE CHECKSUM: 1cf16477ed7fea2e0cbd5b2f35791ff0264e4e74

COCOAPODS: 1.15.2
