PODS:
  - Capacitor (6.1.2):
    - CapacitorCordova
  - CapacitorApp (6.0.1):
    - Capacitor
  - CapacitorBrowser (6.0.2):
    - Capacitor
  - CapacitorCordova (6.1.2)
  - CapacitorHaptics (6.0.1):
    - Capacitor
  - CapacitorKeyboard (6.0.2):
    - Capacitor
  - CapacitorNotificare (4.0.1):
    - Capacitor
    - Notificare/NotificareKit (= 4.1.0)
    - Notificare/NotificareUtilitiesKit (= 4.1.0)
  - CapacitorNotificarePush (4.0.1):
    - Capacitor
    - Notificare/NotificareKit (= 4.1.0)
    - Notificare/NotificarePushKit (= 4.1.0)
    - Notificare/NotificareUtilitiesKit (= 4.1.0)
  - CapacitorNotificarePushUi (4.0.1):
    - Capacitor
    - Notificare/NotificareKit (= 4.1.0)
    - Notificare/NotificarePushUIKit (= 4.1.0)
    - Notificare/NotificareUtilitiesKit (= 4.1.0)
  - CapacitorNotificareUserInbox (4.0.1):
    - Capacitor
    - Notificare/NotificareKit (= 4.1.0)
    - Notificare/NotificareUserInboxKit (= 4.1.0)
  - CapacitorStatusBar (6.0.1):
    - Capacitor
  - Notificare/NotificareKit (4.1.0):
    - Notificare/NotificareUtilitiesKit
  - Notificare/NotificareNotificationServiceExtensionKit (4.1.0)
  - Notificare/NotificarePushKit (4.1.0):
    - Notificare/NotificareUtilitiesKit
  - Notificare/NotificarePushUIKit (4.1.0):
    - Notificare/NotificareUtilitiesKit
  - Notificare/NotificareUserInboxKit (4.1.0):
    - Notificare/NotificareUtilitiesKit
  - Notificare/NotificareUtilitiesKit (4.1.0)

DEPENDENCIES:
  - "Capacitor (from `../../node_modules/@capacitor/ios`)"
  - "CapacitorApp (from `../../node_modules/@capacitor/app`)"
  - "CapacitorBrowser (from `../../node_modules/@capacitor/browser`)"
  - "CapacitorCordova (from `../../node_modules/@capacitor/ios`)"
  - "CapacitorHaptics (from `../../node_modules/@capacitor/haptics`)"
  - "CapacitorKeyboard (from `../../node_modules/@capacitor/keyboard`)"
  - CapacitorNotificare (from `../../../capacitor-notificare`)
  - CapacitorNotificarePush (from `../../../capacitor-notificare-push`)
  - CapacitorNotificarePushUi (from `../../../capacitor-notificare-push-ui`)
  - CapacitorNotificareUserInbox (from `../../../capacitor-notificare-user-inbox`)
  - "CapacitorStatusBar (from `../../node_modules/@capacitor/status-bar`)"
  - Notificare/NotificareNotificationServiceExtensionKit (= 4.1.0)

SPEC REPOS:
  trunk:
    - Notificare

EXTERNAL SOURCES:
  Capacitor:
    :path: "../../node_modules/@capacitor/ios"
  CapacitorApp:
    :path: "../../node_modules/@capacitor/app"
  CapacitorBrowser:
    :path: "../../node_modules/@capacitor/browser"
  CapacitorCordova:
    :path: "../../node_modules/@capacitor/ios"
  CapacitorHaptics:
    :path: "../../node_modules/@capacitor/haptics"
  CapacitorKeyboard:
    :path: "../../node_modules/@capacitor/keyboard"
  CapacitorNotificare:
    :path: "../../../capacitor-notificare"
  CapacitorNotificarePush:
    :path: "../../../capacitor-notificare-push"
  CapacitorNotificarePushUi:
    :path: "../../../capacitor-notificare-push-ui"
  CapacitorNotificareUserInbox:
    :path: "../../../capacitor-notificare-user-inbox"
  CapacitorStatusBar:
    :path: "../../node_modules/@capacitor/status-bar"

SPEC CHECKSUMS:
  Capacitor: 69c7f687aabb8d85e543497411e40638b5cc08c0
  CapacitorApp: f51c08c64df914fc934239fd1b3fc809d62a02f6
  CapacitorBrowser: 80345fe3b83664d2f953e9fe102a996df73ec809
  CapacitorCordova: f48c89f96c319101cd2f0ce8a2b7449b5fb8b3dd
  CapacitorHaptics: 05d33e20e394b1977dfd2a00a2621e04098164c1
  CapacitorKeyboard: 5bf4458dd989b56a60ea15c92cbca5fbfae6e9f9
  CapacitorNotificare: 2652153bfb982708624b134fec0ea3b8881c15df
  CapacitorNotificarePush: 90af31370b051df74bd8587f22f2c9a106385727
  CapacitorNotificarePushUi: 78942aee4720ece8db1a5042af752f7b38d8405d
  CapacitorNotificareUserInbox: 54042f23d4e0a02e548da7366f88312e9f23eabd
  CapacitorStatusBar: 9ed7f06318fd436917072a9bf60fda56d12c8bdb
  Notificare: fd2f28924a769e174ad5aed3c72fce61b4869b5d

PODFILE CHECKSUM: 8cdd947a9a45953d9d157e2c95fab5488baeb4db

COCOAPODS: 1.16.2
